
Microsoft Visual Studio Solution File, Format Version 12.00
# Visual Studio Version 17
VisualStudioVersion = 17.7.33808.371
MinimumVisualStudioVersion = 10.0.40219.1
Project("{9A19103F-16F7-4668-BE54-9A1E7A4F7556}") = "UaDemoServer.Net8", "UaDemoServer.Net8.csproj", "{CF0984BF-9280-4A24-B4CB-CFB5421C45FA}"
EndProject
Global
	GlobalSection(SolutionConfigurationPlatforms) = preSolution
		Debug|Any CPU = Debug|Any CPU
		Release|Any CPU = Release|Any CPU
	EndGlobalSection
	GlobalSection(ProjectConfigurationPlatforms) = postSolution
		{CF0984BF-9280-4A24-B4CB-CFB5421C45FA}.Debug|Any CPU.ActiveCfg = Debug|Any CPU
		{CF0984BF-9280-4A24-B4CB-CFB5421C45FA}.Debug|Any CPU.Build.0 = Debug|Any CPU
		{CF0984BF-9280-4A24-B4CB-CFB5421C45FA}.Release|Any CPU.ActiveCfg = Release|Any CPU
		{CF0984BF-9280-4A24-B4CB-CFB5421C45FA}.Release|Any CPU.Build.0 = Release|Any CPU
	EndGlobalSection
	GlobalSection(SolutionProperties) = preSolution
		HideSolutionNode = FALSE
	EndGlobalSection
	GlobalSection(ExtensibilityGlobals) = postSolution
		SolutionGuid = {936C5D3A-DB18-4F57-B6FF-E4365BD055B0}
	EndGlobalSection
EndGlobal
