
Microsoft Visual Studio Solution File, Format Version 12.00
# Visual Studio Version 17
VisualStudioVersion = 17.7.33808.371
MinimumVisualStudioVersion = 10.0.40219.1
Project("{2150E333-8FDC-42A3-9474-1A3956D46DE8}") = "Lesson01", "Lesson01", "{467523E9-D251-49B7-AEC8-64AEB1984B57}"
EndProject
Project("{2150E333-8FDC-42A3-9474-1A3956D46DE8}") = "Lesson10", "Lesson10", "{AAC92700-63E9-4D67-BB34-63D05B85A2F3}"
EndProject
Project("{2150E333-8FDC-42A3-9474-1A3956D46DE8}") = "Lesson02", "Lesson02", "{0104F505-555E-45C7-9DA2-0BB140F3687A}"
EndProject
Project("{2150E333-8FDC-42A3-9474-1A3956D46DE8}") = "Lesson03", "Lesson03", "{3B8CA6B9-60D8-41D7-82C2-F7FFE7AB731A}"
EndProject
Project("{2150E333-8FDC-42A3-9474-1A3956D46DE8}") = "Lesson04", "Lesson04", "{42E1D3ED-A1B8-4C60-AF34-BF2AC1478292}"
EndProject
Project("{2150E333-8FDC-42A3-9474-1A3956D46DE8}") = "Lesson05", "Lesson05", "{59152A68-4A00-4596-BCF7-E47807C698DF}"
EndProject
Project("{2150E333-8FDC-42A3-9474-1A3956D46DE8}") = "Lesson06", "Lesson06", "{C5C3260C-5EB4-451F-8A22-2FF02A825326}"
EndProject
Project("{2150E333-8FDC-42A3-9474-1A3956D46DE8}") = "Lesson07", "Lesson07", "{3221C943-4E37-4522-AF59-C43CD763ACDE}"
EndProject
Project("{2150E333-8FDC-42A3-9474-1A3956D46DE8}") = "Lesson08", "Lesson08", "{BB25B0D2-409C-4B5D-AFAF-77A17CA1C905}"
EndProject
Project("{2150E333-8FDC-42A3-9474-1A3956D46DE8}") = "Lesson09", "Lesson09", "{6C499D4B-EB6F-4A71-8F22-FFD42676681C}"
EndProject
Project("{9A19103F-16F7-4668-BE54-9A1E7A4F7556}") = "Lesson01.Net8", "Lesson01\Lesson01.Net8.csproj", "{2AC39B68-EB7B-43C9-B5DB-9BF2FC4ED2FA}"
EndProject
Project("{9A19103F-16F7-4668-BE54-9A1E7A4F7556}") = "Lesson02.Net8", "Lesson02\Lesson02.Net8.csproj", "{48840CDB-7BB9-4AAC-9461-CD380422B588}"
EndProject
Project("{9A19103F-16F7-4668-BE54-9A1E7A4F7556}") = "Lesson03.Net8", "Lesson03\Lesson03.Net8.csproj", "{985E5AF1-1848-44B4-AF63-AA4890758AC0}"
EndProject
Project("{9A19103F-16F7-4668-BE54-9A1E7A4F7556}") = "Lesson04.Net8", "Lesson04\Lesson04.Net8.csproj", "{796C48FF-C20B-408A-BDCC-F966AC4E095A}"
EndProject
Project("{9A19103F-16F7-4668-BE54-9A1E7A4F7556}") = "Lesson05.Net8", "Lesson05\Lesson05.Net8.csproj", "{F24525B9-452A-444B-A857-1C27C116BB61}"
EndProject
Project("{9A19103F-16F7-4668-BE54-9A1E7A4F7556}") = "Lesson06.Net8", "Lesson06\Lesson06.Net8.csproj", "{CC3994BB-1278-4614-870E-53C07B890BBA}"
EndProject
Project("{9A19103F-16F7-4668-BE54-9A1E7A4F7556}") = "Lesson07.Net8", "Lesson07\Lesson07.Net8.csproj", "{DF16488E-9FCD-4BF5-A98C-810F504C83EE}"
EndProject
Project("{9A19103F-16F7-4668-BE54-9A1E7A4F7556}") = "Lesson08.Net8", "Lesson08\Lesson08.Net8.csproj", "{8FDFEFB8-94E5-4A19-8B75-288AAD12BDD9}"
EndProject
Project("{9A19103F-16F7-4668-BE54-9A1E7A4F7556}") = "Lesson09.Net8", "Lesson09\Lesson09.Net8.csproj", "{E1663380-7A81-40BB-BF95-2439682EE314}"
EndProject
Project("{9A19103F-16F7-4668-BE54-9A1E7A4F7556}") = "Lesson10.Net8", "Lesson10\Lesson10.Net8.csproj", "{F9B65F5C-0F42-4DDD-956F-EE27545AC39B}"
EndProject
Global
	GlobalSection(SolutionConfigurationPlatforms) = preSolution
		Debug|Any CPU = Debug|Any CPU
		Release|Any CPU = Release|Any CPU
	EndGlobalSection
	GlobalSection(ProjectConfigurationPlatforms) = postSolution
		{2AC39B68-EB7B-43C9-B5DB-9BF2FC4ED2FA}.Debug|Any CPU.ActiveCfg = Debug|Any CPU
		{2AC39B68-EB7B-43C9-B5DB-9BF2FC4ED2FA}.Debug|Any CPU.Build.0 = Debug|Any CPU
		{2AC39B68-EB7B-43C9-B5DB-9BF2FC4ED2FA}.Release|Any CPU.ActiveCfg = Release|Any CPU
		{2AC39B68-EB7B-43C9-B5DB-9BF2FC4ED2FA}.Release|Any CPU.Build.0 = Release|Any CPU
		{48840CDB-7BB9-4AAC-9461-CD380422B588}.Debug|Any CPU.ActiveCfg = Debug|Any CPU
		{48840CDB-7BB9-4AAC-9461-CD380422B588}.Debug|Any CPU.Build.0 = Debug|Any CPU
		{48840CDB-7BB9-4AAC-9461-CD380422B588}.Release|Any CPU.ActiveCfg = Release|Any CPU
		{48840CDB-7BB9-4AAC-9461-CD380422B588}.Release|Any CPU.Build.0 = Release|Any CPU
		{985E5AF1-1848-44B4-AF63-AA4890758AC0}.Debug|Any CPU.ActiveCfg = Debug|Any CPU
		{985E5AF1-1848-44B4-AF63-AA4890758AC0}.Debug|Any CPU.Build.0 = Debug|Any CPU
		{985E5AF1-1848-44B4-AF63-AA4890758AC0}.Release|Any CPU.ActiveCfg = Release|Any CPU
		{985E5AF1-1848-44B4-AF63-AA4890758AC0}.Release|Any CPU.Build.0 = Release|Any CPU
		{796C48FF-C20B-408A-BDCC-F966AC4E095A}.Debug|Any CPU.ActiveCfg = Debug|Any CPU
		{796C48FF-C20B-408A-BDCC-F966AC4E095A}.Debug|Any CPU.Build.0 = Debug|Any CPU
		{796C48FF-C20B-408A-BDCC-F966AC4E095A}.Release|Any CPU.ActiveCfg = Release|Any CPU
		{796C48FF-C20B-408A-BDCC-F966AC4E095A}.Release|Any CPU.Build.0 = Release|Any CPU
		{F24525B9-452A-444B-A857-1C27C116BB61}.Debug|Any CPU.ActiveCfg = Debug|Any CPU
		{F24525B9-452A-444B-A857-1C27C116BB61}.Debug|Any CPU.Build.0 = Debug|Any CPU
		{F24525B9-452A-444B-A857-1C27C116BB61}.Release|Any CPU.ActiveCfg = Release|Any CPU
		{F24525B9-452A-444B-A857-1C27C116BB61}.Release|Any CPU.Build.0 = Release|Any CPU
		{CC3994BB-1278-4614-870E-53C07B890BBA}.Debug|Any CPU.ActiveCfg = Debug|Any CPU
		{CC3994BB-1278-4614-870E-53C07B890BBA}.Debug|Any CPU.Build.0 = Debug|Any CPU
		{CC3994BB-1278-4614-870E-53C07B890BBA}.Release|Any CPU.ActiveCfg = Release|Any CPU
		{CC3994BB-1278-4614-870E-53C07B890BBA}.Release|Any CPU.Build.0 = Release|Any CPU
		{DF16488E-9FCD-4BF5-A98C-810F504C83EE}.Debug|Any CPU.ActiveCfg = Debug|Any CPU
		{DF16488E-9FCD-4BF5-A98C-810F504C83EE}.Debug|Any CPU.Build.0 = Debug|Any CPU
		{DF16488E-9FCD-4BF5-A98C-810F504C83EE}.Release|Any CPU.ActiveCfg = Release|Any CPU
		{DF16488E-9FCD-4BF5-A98C-810F504C83EE}.Release|Any CPU.Build.0 = Release|Any CPU
		{8FDFEFB8-94E5-4A19-8B75-288AAD12BDD9}.Debug|Any CPU.ActiveCfg = Debug|Any CPU
		{8FDFEFB8-94E5-4A19-8B75-288AAD12BDD9}.Debug|Any CPU.Build.0 = Debug|Any CPU
		{8FDFEFB8-94E5-4A19-8B75-288AAD12BDD9}.Release|Any CPU.ActiveCfg = Release|Any CPU
		{8FDFEFB8-94E5-4A19-8B75-288AAD12BDD9}.Release|Any CPU.Build.0 = Release|Any CPU
		{E1663380-7A81-40BB-BF95-2439682EE314}.Debug|Any CPU.ActiveCfg = Debug|Any CPU
		{E1663380-7A81-40BB-BF95-2439682EE314}.Debug|Any CPU.Build.0 = Debug|Any CPU
		{E1663380-7A81-40BB-BF95-2439682EE314}.Release|Any CPU.ActiveCfg = Release|Any CPU
		{E1663380-7A81-40BB-BF95-2439682EE314}.Release|Any CPU.Build.0 = Release|Any CPU
		{F9B65F5C-0F42-4DDD-956F-EE27545AC39B}.Debug|Any CPU.ActiveCfg = Debug|Any CPU
		{F9B65F5C-0F42-4DDD-956F-EE27545AC39B}.Debug|Any CPU.Build.0 = Debug|Any CPU
		{F9B65F5C-0F42-4DDD-956F-EE27545AC39B}.Release|Any CPU.ActiveCfg = Release|Any CPU
		{F9B65F5C-0F42-4DDD-956F-EE27545AC39B}.Release|Any CPU.Build.0 = Release|Any CPU
	EndGlobalSection
	GlobalSection(SolutionProperties) = preSolution
		HideSolutionNode = FALSE
	EndGlobalSection
	GlobalSection(NestedProjects) = preSolution
		{2AC39B68-EB7B-43C9-B5DB-9BF2FC4ED2FA} = {467523E9-D251-49B7-AEC8-64AEB1984B57}
		{48840CDB-7BB9-4AAC-9461-CD380422B588} = {0104F505-555E-45C7-9DA2-0BB140F3687A}
		{985E5AF1-1848-44B4-AF63-AA4890758AC0} = {3B8CA6B9-60D8-41D7-82C2-F7FFE7AB731A}
		{796C48FF-C20B-408A-BDCC-F966AC4E095A} = {42E1D3ED-A1B8-4C60-AF34-BF2AC1478292}
		{F24525B9-452A-444B-A857-1C27C116BB61} = {59152A68-4A00-4596-BCF7-E47807C698DF}
		{CC3994BB-1278-4614-870E-53C07B890BBA} = {C5C3260C-5EB4-451F-8A22-2FF02A825326}
		{DF16488E-9FCD-4BF5-A98C-810F504C83EE} = {3221C943-4E37-4522-AF59-C43CD763ACDE}
		{8FDFEFB8-94E5-4A19-8B75-288AAD12BDD9} = {BB25B0D2-409C-4B5D-AFAF-77A17CA1C905}
		{E1663380-7A81-40BB-BF95-2439682EE314} = {6C499D4B-EB6F-4A71-8F22-FFD42676681C}
		{F9B65F5C-0F42-4DDD-956F-EE27545AC39B} = {AAC92700-63E9-4D67-BB34-63D05B85A2F3}
	EndGlobalSection
	GlobalSection(ExtensibilityGlobals) = postSolution
		SolutionGuid = {5B8EECB0-69CE-4B78-9431-EE781F0D5545}
	EndGlobalSection
EndGlobal
